<?xml version="1.0" encoding="utf-8"?>
<Project ToolsVersion="4.0" xmlns="http://schemas.microsoft.com/developer/msbuild/2003">
  <ItemGroup>
    <Filter Include="Source Files">
      <UniqueIdentifier>{4FC737F1-C7A5-4376-A066-2A32D752A2FF}</UniqueIdentifier>
      <Extensions>cpp;c;cc;cxx;c++;cppm;ixx;def;odl;idl;hpj;bat;asm;asmx</Extensions>
    </Filter>
    <Filter Include="Header Files">
      <UniqueIdentifier>{93995380-89BD-4b04-88EB-625FBE52EBFB}</UniqueIdentifier>
      <Extensions>h;hh;hpp;hxx;h++;hm;inl;inc;ipp;xsd</Extensions>
    </Filter>
    <Filter Include="Resource Files">
      <UniqueIdentifier>{67DA6AB6-F800-4c08-8B7A-83BB121AAD01}</UniqueIdentifier>
      <Extensions>rc;ico;cur;bmp;dlg;rc2;rct;bin;rgs;gif;jpg;jpeg;jpe;resx;tiff;tif;png;wav;mfcribbon-ms</Extensions>
    </Filter>
    <Filter Include="Source Files\Unit_Tests">
      <UniqueIdentifier>{d0f8363a-25b5-480d-bf15-5b032b0f42d4}</UniqueIdentifier>
    </Filter>
  </ItemGroup>
  <ItemGroup>
    <None Include="packages.config" />
  </ItemGroup>
  <ItemGroup>
    <ClCompile Include="CleanCode.cpp">
      <Filter>Source Files</Filter>
    </ClCompile>
    <ClCompile Include="KrogerLoyalty.cpp">
      <Filter>Source Files</Filter>
    </ClCompile>
    <ClCompile Include="CoreLoyalty.cpp">
      <Filter>Source Files</Filter>
    </ClCompile>
    <ClCompile Include="FuelController.cpp">
      <Filter>Source Files</Filter>
    </ClCompile>
    <ClCompile Include="$(MSBuildThisFileDirectory)..\..\lib\native\src\gtest\gtest-all.cc">
      <Filter>Source Files</Filter>
    </ClCompile>
    <ClCompile Include="$(MSBuildThisFileDirectory)..\..\lib\native\src\gmock\gmock-all.cc">
      <Filter>Source Files</Filter>
    </ClCompile>
    <ClCompile Include="DuckLoyalty.cpp">
      <Filter>Source Files</Filter>
    </ClCompile>
    <ClCompile Include="Loyalty1.cpp">
      <Filter>Source Files</Filter>
    </ClCompile>
    <ClCompile Include="Loyalty2.cpp">
      <Filter>Source Files</Filter>
    </ClCompile>
    <ClCompile Include="..\Unit_Tests\CoreLoyaltyTest.cpp">
      <Filter>Source Files\Unit_Tests</Filter>
    </ClCompile>
    <ClCompile Include="..\Unit_Tests\FuelControllerTest.cpp">
      <Filter>Source Files\Unit_Tests</Filter>
    </ClCompile>
    <ClCompile Include="Tests.cpp">
      <Filter>Source Files\Unit_Tests</Filter>
    </ClCompile>
  </ItemGroup>
  <ItemGroup>
    <ClInclude Include="ILoyalty.h">
      <Filter>Header Files</Filter>
    </ClInclude>
    <ClInclude Include="KrogerLoyalty.h">
      <Filter>Header Files</Filter>
    </ClInclude>
    <ClInclude Include="CoreLoyalty.h">
      <Filter>Header Files</Filter>
    </ClInclude>
    <ClInclude Include="boost\di.hpp">
      <Filter>Header Files</Filter>
    </ClInclude>
    <ClInclude Include="FuelController.h">
      <Filter>Header Files</Filter>
    </ClInclude>
    <ClInclude Include="DuckLoyalty.h">
      <Filter>Header Files</Filter>
    </ClInclude>
    <ClInclude Include="Loyalty1.h">
      <Filter>Header Files</Filter>
    </ClInclude>
    <ClInclude Include="Loyalty2.h">
      <Filter>Header Files</Filter>
    </ClInclude>
    <ClInclude Include="BoostLogging.h">
      <Filter>Header Files</Filter>
    </ClInclude>
  </ItemGroup>
</Project>